
Microsoft Visual Studio Solution File, Format Version 12.00
# Visual Studio Version 17
VisualStudioVersion = 17.14.36414.22 d17.14
MinimumVisualStudioVersion = 10.0.40219.1
Project("{FAE04EC0-301F-11D3-BF4B-00C04F79EFBC}") = "ApiLambdaModular", "ApiLambdaModular\ApiLambdaModular.csproj", "{D8F99F46-CD21-A822-5122-8E47CFABDE06}"
EndProject
Project("{2150E333-8FDC-42A3-9474-1A3956D46DE8}") = "docs", "docs", "{8EC462FD-D22E-90A8-E5CE-7E832BA40C5D}"
	ProjectSection(SolutionItems) = preProject
		samconfig.toml = samconfig.toml
		template.yaml = template.yaml
		template-RestApi.yaml = template-RestApi.yaml
	EndProjectSection
EndProject
Global
	GlobalSection(SolutionConfigurationPlatforms) = preSolution
		Debug|Any CPU = Debug|Any CPU
		Release|Any CPU = Release|Any CPU
	EndGlobalSection
	GlobalSection(ProjectConfigurationPlatforms) = postSolution
		{D8F99F46-CD21-A822-5122-8E47CFABDE06}.Debug|Any CPU.ActiveCfg = Debug|Any CPU
		{D8F99F46-CD21-A822-5122-8E47CFABDE06}.Debug|Any CPU.Build.0 = Debug|Any CPU
		{D8F99F46-CD21-A822-5122-8E47CFABDE06}.Release|Any CPU.ActiveCfg = Release|Any CPU
		{D8F99F46-CD21-A822-5122-8E47CFABDE06}.Release|Any CPU.Build.0 = Release|Any CPU
	EndGlobalSection
	GlobalSection(SolutionProperties) = preSolution
		HideSolutionNode = FALSE
	EndGlobalSection
	GlobalSection(ExtensibilityGlobals) = postSolution
		SolutionGuid = {1A9B6618-860D-46DA-8FA6-F7630A01A492}
	EndGlobalSection
EndGlobal
